{
  "name": "webi",
  "version": "0.5.1",
  "lockfileVersion": 1,
  "requires": true,
  "dependencies": {
    "@root/request": {
      "version": "1.9.2",
      "resolved": "https://registry.npmjs.org/@root/request/-/request-1.9.2.tgz",
      "integrity": "sha512-wVaL9yVV9oDR9UNbPZa20qgY+4Ch6YN8JUkaE4el/uuS5dmhD8Lusm/ku8qJVNtmQA56XLzEDCRS6/vfpiHK2A=="
    }
  }
}
